
Microsoft Visual Studio Solution File, Format Version 12.00
# Visual Studio Version 17
VisualStudioVersion = 17.12.35707.178 d17.12
MinimumVisualStudioVersion = 10.0.40219.1
Project("{FAE04EC0-301F-11D3-BF4B-00C04F79EFBC}") = "multi_turn_chat_with_yes_no_assistant", "multi_turn_chat_with_yes_no_assistant.csproj", "{230F92F7-F656-4D77-BFBC-F0C4D502BB68}"
EndProject
Global
	GlobalSection(SolutionConfigurationPlatforms) = preSolution
		Debug|Any CPU = Debug|Any CPU
		Release|Any CPU = Release|Any CPU
	EndGlobalSection
	GlobalSection(ProjectConfigurationPlatforms) = postSolution
		{230F92F7-F656-4D77-BFBC-F0C4D502BB68}.Debug|Any CPU.ActiveCfg = Debug|Any CPU
		{230F92F7-F656-4D77-BFBC-F0C4D502BB68}.Debug|Any CPU.Build.0 = Debug|Any CPU
		{230F92F7-F656-4D77-BFBC-F0C4D502BB68}.Release|Any CPU.ActiveCfg = Release|Any CPU
		{230F92F7-F656-4D77-BFBC-F0C4D502BB68}.Release|Any CPU.Build.0 = Release|Any CPU
	EndGlobalSection
	GlobalSection(SolutionProperties) = preSolution
		HideSolutionNode = FALSE
	EndGlobalSection
EndGlobal
