
Microsoft Visual Studio Solution File, Format Version 12.00
# Visual Studio Version 17
VisualStudioVersion = 17.8.34330.188
MinimumVisualStudioVersion = 10.0.40219.1
Project("{9A19103F-16F7-4668-BE54-9A1E7A4F7556}") = "multi_turn_chat", "multi_turn_chat\multi_turn_chat.csproj", "{683F6AA9-EA3F-46DF-9652-4BE934876BDD}"
EndProject
Project("{9A19103F-16F7-4668-BE54-9A1E7A4F7556}") = "single_turn_chat", "single_turn_chat\single_turn_chat.csproj", "{614D5EE9-4A77-4C35-93B9-17A8B61B45F0}"
EndProject
Project("{9A19103F-16F7-4668-BE54-9A1E7A4F7556}") = "text_translator", "text_translator\text_translator.csproj", "{2DBE86AC-3807-4B72-948E-CF1B60077481}"
EndProject
Project("{9A19103F-16F7-4668-BE54-9A1E7A4F7556}") = "finetuning", "finetuning\finetuning.csproj", "{DCF0473A-037A-4D6E-9522-B95EC23217AD}"
EndProject
Project("{9A19103F-16F7-4668-BE54-9A1E7A4F7556}") = "text_corrector", "text_corrector\text_corrector.csproj", "{FD1CF5B1-A442-42F8-997D-02FE785BDD1A}"
EndProject
Project("{9A19103F-16F7-4668-BE54-9A1E7A4F7556}") = "custom_chatbot_with_rag", "custom_chatbot_with_rag\custom_chatbot_with_rag.csproj", "{40893579-F725-461C-8C85-F7D1050A54AD}"
EndProject
Project("{9A19103F-16F7-4668-BE54-9A1E7A4F7556}") = "multi_turn_chat_with_custom_sampling", "multi_turn_chat_with_custom_sampling\multi_turn_chat_with_custom_sampling.csproj", "{CD554DDC-DCD6-4A22-8D15-B8EFA6B30BC4}"
EndProject
Project("{9A19103F-16F7-4668-BE54-9A1E7A4F7556}") = "custom_classification", "custom_classification\custom_classification.csproj", "{6C7940C5-FDD8-4699-BA2E-3818B49C12B1}"
EndProject
Project("{9A19103F-16F7-4668-BE54-9A1E7A4F7556}") = "sentiment_analysis", "sentiment_analysis\sentiment_analysis.csproj", "{DA0AF325-0298-4888-91AC-8F3BEBB7A021}"
EndProject
Project("{9A19103F-16F7-4668-BE54-9A1E7A4F7556}") = "text_rewriter", "text_rewriter\text_rewriter.csproj", "{6D99ADAD-FFA6-4AD7-A69A-B1C3BF3833AA}"
EndProject
Project("{9A19103F-16F7-4668-BE54-9A1E7A4F7556}") = "sarcasm_detection", "sarcasm_detection\sarcasm_detection.csproj", "{EBE9EDDD-1FA8-4B64-A6FD-60EA6A3F6098}"
EndProject
Project("{9A19103F-16F7-4668-BE54-9A1E7A4F7556}") = "multi_turn_chat_with_yes_no_assistant", "multi_turn_chat_with_yes_no_assistant\multi_turn_chat_with_yes_no_assistant.csproj", "{22794046-3C59-40E4-B235-4DF169B22ABD}"
EndProject
Project("{9A19103F-16F7-4668-BE54-9A1E7A4F7556}") = "multi_turn_chat_with_coding_assistant", "multi_turn_chat_with_coding_assistant\multi_turn_chat_with_coding_assistant.csproj", "{0A9BDBF2-01E0-4124-8733-B9157C2F3605}"
EndProject
Project("{9A19103F-16F7-4668-BE54-9A1E7A4F7556}") = "multi_turn_chat_with_chat_history_guidance", "multi_turn_chat_with_chat_history_guidance\multi_turn_chat_with_chat_history_guidance.csproj", "{0A2C0D8F-A3EA-465A-A6F5-700323189772}"
EndProject
Project("{9A19103F-16F7-4668-BE54-9A1E7A4F7556}") = "web_content_info_extractor_to_json", "web_content_info_extractor_to_json\web_content_info_extractor_to_json.csproj", "{A924BC13-F980-4ECF-9607-68E826B7C8A3}"
EndProject
Project("{9A19103F-16F7-4668-BE54-9A1E7A4F7556}") = "emotion_detection", "emotion_detection\emotion_detection.csproj", "{3BD12177-1D82-4CFE-9BDD-DB0A3593762D}"
EndProject
Project("{9A19103F-16F7-4668-BE54-9A1E7A4F7556}") = "multi_turn_chat_with_persistent_session", "multi_turn_chat_with_persistent_session\multi_turn_chat_with_persistent_session.csproj", "{41F46BD3-D0F2-495A-84E0-DB53FEFA4DF8}"
EndProject
Project("{9A19103F-16F7-4668-BE54-9A1E7A4F7556}") = "quantizer", "quantizer\quantizer.csproj", "{E9EC147B-3F10-45A0-9D81-7F9CE6E9AC00}"
EndProject
Project("{9A19103F-16F7-4668-BE54-9A1E7A4F7556}") = "function_calling", "function_calling\function_calling.csproj", "{D5977CD9-49A8-406D-AE19-D1769099F10A}"
EndProject
Project("{9A19103F-16F7-4668-BE54-9A1E7A4F7556}") = "structured_data_extraction", "structured_data_extraction\structured_data_extraction.csproj", "{0148DBBD-BB5B-44DB-9657-3D8016E48AC9}"
EndProject
Project("{FAE04EC0-301F-11D3-BF4B-00C04F79EFBC}") = "keyword_extraction", "keyword_extraction\keyword_extraction.csproj", "{E7E5C4C5-4106-41ED-A59F-379D5B7C9B89}"
EndProject
Project("{FAE04EC0-301F-11D3-BF4B-00C04F79EFBC}") = "text_summarizer", "text_summarizer\text_summarizer.csproj", "{371E4734-5175-4EBA-A226-273B1BBDDE48}"
EndProject
Project("{FAE04EC0-301F-11D3-BF4B-00C04F79EFBC}") = "multi_turn_chat_with_vision", "multi_turn_chat_with_vision\multi_turn_chat_with_vision.csproj", "{F285F55A-C8FA-488A-A74B-F9A78CF467D5}"
EndProject
Global
	GlobalSection(SolutionConfigurationPlatforms) = preSolution
		Debug_Dev|Any CPU = Debug_Dev|Any CPU
		Debug|Any CPU = Debug|Any CPU
		Release_Dev|Any CPU = Release_Dev|Any CPU
		Release_Pub|Any CPU = Release_Pub|Any CPU
		Release|Any CPU = Release|Any CPU
	EndGlobalSection
	GlobalSection(ProjectConfigurationPlatforms) = postSolution
		{683F6AA9-EA3F-46DF-9652-4BE934876BDD}.Debug_Dev|Any CPU.ActiveCfg = Debug|Any CPU
		{683F6AA9-EA3F-46DF-9652-4BE934876BDD}.Debug_Dev|Any CPU.Build.0 = Debug|Any CPU
		{683F6AA9-EA3F-46DF-9652-4BE934876BDD}.Debug|Any CPU.ActiveCfg = Debug|Any CPU
		{683F6AA9-EA3F-46DF-9652-4BE934876BDD}.Debug|Any CPU.Build.0 = Debug|Any CPU
		{683F6AA9-EA3F-46DF-9652-4BE934876BDD}.Release_Dev|Any CPU.ActiveCfg = Release|Any CPU
		{683F6AA9-EA3F-46DF-9652-4BE934876BDD}.Release_Dev|Any CPU.Build.0 = Release|Any CPU
		{683F6AA9-EA3F-46DF-9652-4BE934876BDD}.Release_Pub|Any CPU.ActiveCfg = Release|Any CPU
		{683F6AA9-EA3F-46DF-9652-4BE934876BDD}.Release_Pub|Any CPU.Build.0 = Release|Any CPU
		{683F6AA9-EA3F-46DF-9652-4BE934876BDD}.Release|Any CPU.ActiveCfg = Release|Any CPU
		{683F6AA9-EA3F-46DF-9652-4BE934876BDD}.Release|Any CPU.Build.0 = Release|Any CPU
		{614D5EE9-4A77-4C35-93B9-17A8B61B45F0}.Debug_Dev|Any CPU.ActiveCfg = Debug|Any CPU
		{614D5EE9-4A77-4C35-93B9-17A8B61B45F0}.Debug_Dev|Any CPU.Build.0 = Debug|Any CPU
		{614D5EE9-4A77-4C35-93B9-17A8B61B45F0}.Debug|Any CPU.ActiveCfg = Debug|Any CPU
		{614D5EE9-4A77-4C35-93B9-17A8B61B45F0}.Debug|Any CPU.Build.0 = Debug|Any CPU
		{614D5EE9-4A77-4C35-93B9-17A8B61B45F0}.Release_Dev|Any CPU.ActiveCfg = Release|Any CPU
		{614D5EE9-4A77-4C35-93B9-17A8B61B45F0}.Release_Dev|Any CPU.Build.0 = Release|Any CPU
		{614D5EE9-4A77-4C35-93B9-17A8B61B45F0}.Release_Pub|Any CPU.ActiveCfg = Release|Any CPU
		{614D5EE9-4A77-4C35-93B9-17A8B61B45F0}.Release_Pub|Any CPU.Build.0 = Release|Any CPU
		{614D5EE9-4A77-4C35-93B9-17A8B61B45F0}.Release|Any CPU.ActiveCfg = Release|Any CPU
		{614D5EE9-4A77-4C35-93B9-17A8B61B45F0}.Release|Any CPU.Build.0 = Release|Any CPU
		{2DBE86AC-3807-4B72-948E-CF1B60077481}.Debug_Dev|Any CPU.ActiveCfg = Debug|Any CPU
		{2DBE86AC-3807-4B72-948E-CF1B60077481}.Debug_Dev|Any CPU.Build.0 = Debug|Any CPU
		{2DBE86AC-3807-4B72-948E-CF1B60077481}.Debug|Any CPU.ActiveCfg = Debug|Any CPU
		{2DBE86AC-3807-4B72-948E-CF1B60077481}.Debug|Any CPU.Build.0 = Debug|Any CPU
		{2DBE86AC-3807-4B72-948E-CF1B60077481}.Release_Dev|Any CPU.ActiveCfg = Release|Any CPU
		{2DBE86AC-3807-4B72-948E-CF1B60077481}.Release_Dev|Any CPU.Build.0 = Release|Any CPU
		{2DBE86AC-3807-4B72-948E-CF1B60077481}.Release_Pub|Any CPU.ActiveCfg = Release|Any CPU
		{2DBE86AC-3807-4B72-948E-CF1B60077481}.Release_Pub|Any CPU.Build.0 = Release|Any CPU
		{2DBE86AC-3807-4B72-948E-CF1B60077481}.Release|Any CPU.ActiveCfg = Release|Any CPU
		{2DBE86AC-3807-4B72-948E-CF1B60077481}.Release|Any CPU.Build.0 = Release|Any CPU
		{DCF0473A-037A-4D6E-9522-B95EC23217AD}.Debug_Dev|Any CPU.ActiveCfg = Debug|Any CPU
		{DCF0473A-037A-4D6E-9522-B95EC23217AD}.Debug_Dev|Any CPU.Build.0 = Debug|Any CPU
		{DCF0473A-037A-4D6E-9522-B95EC23217AD}.Debug|Any CPU.ActiveCfg = Debug|Any CPU
		{DCF0473A-037A-4D6E-9522-B95EC23217AD}.Debug|Any CPU.Build.0 = Debug|Any CPU
		{DCF0473A-037A-4D6E-9522-B95EC23217AD}.Release_Dev|Any CPU.ActiveCfg = Release|Any CPU
		{DCF0473A-037A-4D6E-9522-B95EC23217AD}.Release_Dev|Any CPU.Build.0 = Release|Any CPU
		{DCF0473A-037A-4D6E-9522-B95EC23217AD}.Release_Pub|Any CPU.ActiveCfg = Release|Any CPU
		{DCF0473A-037A-4D6E-9522-B95EC23217AD}.Release_Pub|Any CPU.Build.0 = Release|Any CPU
		{DCF0473A-037A-4D6E-9522-B95EC23217AD}.Release|Any CPU.ActiveCfg = Release|Any CPU
		{DCF0473A-037A-4D6E-9522-B95EC23217AD}.Release|Any CPU.Build.0 = Release|Any CPU
		{FD1CF5B1-A442-42F8-997D-02FE785BDD1A}.Debug_Dev|Any CPU.ActiveCfg = Debug|Any CPU
		{FD1CF5B1-A442-42F8-997D-02FE785BDD1A}.Debug_Dev|Any CPU.Build.0 = Debug|Any CPU
		{FD1CF5B1-A442-42F8-997D-02FE785BDD1A}.Debug|Any CPU.ActiveCfg = Debug|Any CPU
		{FD1CF5B1-A442-42F8-997D-02FE785BDD1A}.Debug|Any CPU.Build.0 = Debug|Any CPU
		{FD1CF5B1-A442-42F8-997D-02FE785BDD1A}.Release_Dev|Any CPU.ActiveCfg = Release|Any CPU
		{FD1CF5B1-A442-42F8-997D-02FE785BDD1A}.Release_Dev|Any CPU.Build.0 = Release|Any CPU
		{FD1CF5B1-A442-42F8-997D-02FE785BDD1A}.Release_Pub|Any CPU.ActiveCfg = Release|Any CPU
		{FD1CF5B1-A442-42F8-997D-02FE785BDD1A}.Release_Pub|Any CPU.Build.0 = Release|Any CPU
		{FD1CF5B1-A442-42F8-997D-02FE785BDD1A}.Release|Any CPU.ActiveCfg = Release|Any CPU
		{FD1CF5B1-A442-42F8-997D-02FE785BDD1A}.Release|Any CPU.Build.0 = Release|Any CPU
		{40893579-F725-461C-8C85-F7D1050A54AD}.Debug_Dev|Any CPU.ActiveCfg = Debug|Any CPU
		{40893579-F725-461C-8C85-F7D1050A54AD}.Debug_Dev|Any CPU.Build.0 = Debug|Any CPU
		{40893579-F725-461C-8C85-F7D1050A54AD}.Debug|Any CPU.ActiveCfg = Debug|Any CPU
		{40893579-F725-461C-8C85-F7D1050A54AD}.Debug|Any CPU.Build.0 = Debug|Any CPU
		{40893579-F725-461C-8C85-F7D1050A54AD}.Release_Dev|Any CPU.ActiveCfg = Release|Any CPU
		{40893579-F725-461C-8C85-F7D1050A54AD}.Release_Dev|Any CPU.Build.0 = Release|Any CPU
		{40893579-F725-461C-8C85-F7D1050A54AD}.Release_Pub|Any CPU.ActiveCfg = Release|Any CPU
		{40893579-F725-461C-8C85-F7D1050A54AD}.Release_Pub|Any CPU.Build.0 = Release|Any CPU
		{40893579-F725-461C-8C85-F7D1050A54AD}.Release|Any CPU.ActiveCfg = Release|Any CPU
		{40893579-F725-461C-8C85-F7D1050A54AD}.Release|Any CPU.Build.0 = Release|Any CPU
		{CD554DDC-DCD6-4A22-8D15-B8EFA6B30BC4}.Debug_Dev|Any CPU.ActiveCfg = Debug|Any CPU
		{CD554DDC-DCD6-4A22-8D15-B8EFA6B30BC4}.Debug_Dev|Any CPU.Build.0 = Debug|Any CPU
		{CD554DDC-DCD6-4A22-8D15-B8EFA6B30BC4}.Debug|Any CPU.ActiveCfg = Debug|Any CPU
		{CD554DDC-DCD6-4A22-8D15-B8EFA6B30BC4}.Debug|Any CPU.Build.0 = Debug|Any CPU
		{CD554DDC-DCD6-4A22-8D15-B8EFA6B30BC4}.Release_Dev|Any CPU.ActiveCfg = Release|Any CPU
		{CD554DDC-DCD6-4A22-8D15-B8EFA6B30BC4}.Release_Dev|Any CPU.Build.0 = Release|Any CPU
		{CD554DDC-DCD6-4A22-8D15-B8EFA6B30BC4}.Release_Pub|Any CPU.ActiveCfg = Release|Any CPU
		{CD554DDC-DCD6-4A22-8D15-B8EFA6B30BC4}.Release_Pub|Any CPU.Build.0 = Release|Any CPU
		{CD554DDC-DCD6-4A22-8D15-B8EFA6B30BC4}.Release|Any CPU.ActiveCfg = Release|Any CPU
		{CD554DDC-DCD6-4A22-8D15-B8EFA6B30BC4}.Release|Any CPU.Build.0 = Release|Any CPU
		{6C7940C5-FDD8-4699-BA2E-3818B49C12B1}.Debug_Dev|Any CPU.ActiveCfg = Debug|Any CPU
		{6C7940C5-FDD8-4699-BA2E-3818B49C12B1}.Debug_Dev|Any CPU.Build.0 = Debug|Any CPU
		{6C7940C5-FDD8-4699-BA2E-3818B49C12B1}.Debug|Any CPU.ActiveCfg = Debug|Any CPU
		{6C7940C5-FDD8-4699-BA2E-3818B49C12B1}.Debug|Any CPU.Build.0 = Debug|Any CPU
		{6C7940C5-FDD8-4699-BA2E-3818B49C12B1}.Release_Dev|Any CPU.ActiveCfg = Release|Any CPU
		{6C7940C5-FDD8-4699-BA2E-3818B49C12B1}.Release_Dev|Any CPU.Build.0 = Release|Any CPU
		{6C7940C5-FDD8-4699-BA2E-3818B49C12B1}.Release_Pub|Any CPU.ActiveCfg = Release|Any CPU
		{6C7940C5-FDD8-4699-BA2E-3818B49C12B1}.Release_Pub|Any CPU.Build.0 = Release|Any CPU
		{6C7940C5-FDD8-4699-BA2E-3818B49C12B1}.Release|Any CPU.ActiveCfg = Release|Any CPU
		{6C7940C5-FDD8-4699-BA2E-3818B49C12B1}.Release|Any CPU.Build.0 = Release|Any CPU
		{DA0AF325-0298-4888-91AC-8F3BEBB7A021}.Debug_Dev|Any CPU.ActiveCfg = Debug|Any CPU
		{DA0AF325-0298-4888-91AC-8F3BEBB7A021}.Debug_Dev|Any CPU.Build.0 = Debug|Any CPU
		{DA0AF325-0298-4888-91AC-8F3BEBB7A021}.Debug|Any CPU.ActiveCfg = Debug|Any CPU
		{DA0AF325-0298-4888-91AC-8F3BEBB7A021}.Debug|Any CPU.Build.0 = Debug|Any CPU
		{DA0AF325-0298-4888-91AC-8F3BEBB7A021}.Release_Dev|Any CPU.ActiveCfg = Release|Any CPU
		{DA0AF325-0298-4888-91AC-8F3BEBB7A021}.Release_Dev|Any CPU.Build.0 = Release|Any CPU
		{DA0AF325-0298-4888-91AC-8F3BEBB7A021}.Release_Pub|Any CPU.ActiveCfg = Release|Any CPU
		{DA0AF325-0298-4888-91AC-8F3BEBB7A021}.Release_Pub|Any CPU.Build.0 = Release|Any CPU
		{DA0AF325-0298-4888-91AC-8F3BEBB7A021}.Release|Any CPU.ActiveCfg = Release|Any CPU
		{DA0AF325-0298-4888-91AC-8F3BEBB7A021}.Release|Any CPU.Build.0 = Release|Any CPU
		{6D99ADAD-FFA6-4AD7-A69A-B1C3BF3833AA}.Debug_Dev|Any CPU.ActiveCfg = Debug|Any CPU
		{6D99ADAD-FFA6-4AD7-A69A-B1C3BF3833AA}.Debug_Dev|Any CPU.Build.0 = Debug|Any CPU
		{6D99ADAD-FFA6-4AD7-A69A-B1C3BF3833AA}.Debug|Any CPU.ActiveCfg = Debug|Any CPU
		{6D99ADAD-FFA6-4AD7-A69A-B1C3BF3833AA}.Debug|Any CPU.Build.0 = Debug|Any CPU
		{6D99ADAD-FFA6-4AD7-A69A-B1C3BF3833AA}.Release_Dev|Any CPU.ActiveCfg = Release|Any CPU
		{6D99ADAD-FFA6-4AD7-A69A-B1C3BF3833AA}.Release_Dev|Any CPU.Build.0 = Release|Any CPU
		{6D99ADAD-FFA6-4AD7-A69A-B1C3BF3833AA}.Release_Pub|Any CPU.ActiveCfg = Release|Any CPU
		{6D99ADAD-FFA6-4AD7-A69A-B1C3BF3833AA}.Release_Pub|Any CPU.Build.0 = Release|Any CPU
		{6D99ADAD-FFA6-4AD7-A69A-B1C3BF3833AA}.Release|Any CPU.ActiveCfg = Release|Any CPU
		{6D99ADAD-FFA6-4AD7-A69A-B1C3BF3833AA}.Release|Any CPU.Build.0 = Release|Any CPU
		{EBE9EDDD-1FA8-4B64-A6FD-60EA6A3F6098}.Debug_Dev|Any CPU.ActiveCfg = Debug|Any CPU
		{EBE9EDDD-1FA8-4B64-A6FD-60EA6A3F6098}.Debug_Dev|Any CPU.Build.0 = Debug|Any CPU
		{EBE9EDDD-1FA8-4B64-A6FD-60EA6A3F6098}.Debug|Any CPU.ActiveCfg = Debug|Any CPU
		{EBE9EDDD-1FA8-4B64-A6FD-60EA6A3F6098}.Debug|Any CPU.Build.0 = Debug|Any CPU
		{EBE9EDDD-1FA8-4B64-A6FD-60EA6A3F6098}.Release_Dev|Any CPU.ActiveCfg = Release|Any CPU
		{EBE9EDDD-1FA8-4B64-A6FD-60EA6A3F6098}.Release_Dev|Any CPU.Build.0 = Release|Any CPU
		{EBE9EDDD-1FA8-4B64-A6FD-60EA6A3F6098}.Release_Pub|Any CPU.ActiveCfg = Release|Any CPU
		{EBE9EDDD-1FA8-4B64-A6FD-60EA6A3F6098}.Release_Pub|Any CPU.Build.0 = Release|Any CPU
		{EBE9EDDD-1FA8-4B64-A6FD-60EA6A3F6098}.Release|Any CPU.ActiveCfg = Release|Any CPU
		{EBE9EDDD-1FA8-4B64-A6FD-60EA6A3F6098}.Release|Any CPU.Build.0 = Release|Any CPU
		{22794046-3C59-40E4-B235-4DF169B22ABD}.Debug_Dev|Any CPU.ActiveCfg = Debug|Any CPU
		{22794046-3C59-40E4-B235-4DF169B22ABD}.Debug_Dev|Any CPU.Build.0 = Debug|Any CPU
		{22794046-3C59-40E4-B235-4DF169B22ABD}.Debug|Any CPU.ActiveCfg = Debug|Any CPU
		{22794046-3C59-40E4-B235-4DF169B22ABD}.Debug|Any CPU.Build.0 = Debug|Any CPU
		{22794046-3C59-40E4-B235-4DF169B22ABD}.Release_Dev|Any CPU.ActiveCfg = Release|Any CPU
		{22794046-3C59-40E4-B235-4DF169B22ABD}.Release_Dev|Any CPU.Build.0 = Release|Any CPU
		{22794046-3C59-40E4-B235-4DF169B22ABD}.Release_Pub|Any CPU.ActiveCfg = Release|Any CPU
		{22794046-3C59-40E4-B235-4DF169B22ABD}.Release_Pub|Any CPU.Build.0 = Release|Any CPU
		{22794046-3C59-40E4-B235-4DF169B22ABD}.Release|Any CPU.ActiveCfg = Release|Any CPU
		{22794046-3C59-40E4-B235-4DF169B22ABD}.Release|Any CPU.Build.0 = Release|Any CPU
		{0A9BDBF2-01E0-4124-8733-B9157C2F3605}.Debug_Dev|Any CPU.ActiveCfg = Debug|Any CPU
		{0A9BDBF2-01E0-4124-8733-B9157C2F3605}.Debug_Dev|Any CPU.Build.0 = Debug|Any CPU
		{0A9BDBF2-01E0-4124-8733-B9157C2F3605}.Debug|Any CPU.ActiveCfg = Debug|Any CPU
		{0A9BDBF2-01E0-4124-8733-B9157C2F3605}.Debug|Any CPU.Build.0 = Debug|Any CPU
		{0A9BDBF2-01E0-4124-8733-B9157C2F3605}.Release_Dev|Any CPU.ActiveCfg = Release|Any CPU
		{0A9BDBF2-01E0-4124-8733-B9157C2F3605}.Release_Dev|Any CPU.Build.0 = Release|Any CPU
		{0A9BDBF2-01E0-4124-8733-B9157C2F3605}.Release_Pub|Any CPU.ActiveCfg = Release|Any CPU
		{0A9BDBF2-01E0-4124-8733-B9157C2F3605}.Release_Pub|Any CPU.Build.0 = Release|Any CPU
		{0A9BDBF2-01E0-4124-8733-B9157C2F3605}.Release|Any CPU.ActiveCfg = Release|Any CPU
		{0A9BDBF2-01E0-4124-8733-B9157C2F3605}.Release|Any CPU.Build.0 = Release|Any CPU
		{0A2C0D8F-A3EA-465A-A6F5-700323189772}.Debug_Dev|Any CPU.ActiveCfg = Debug|Any CPU
		{0A2C0D8F-A3EA-465A-A6F5-700323189772}.Debug_Dev|Any CPU.Build.0 = Debug|Any CPU
		{0A2C0D8F-A3EA-465A-A6F5-700323189772}.Debug|Any CPU.ActiveCfg = Debug|Any CPU
		{0A2C0D8F-A3EA-465A-A6F5-700323189772}.Debug|Any CPU.Build.0 = Debug|Any CPU
		{0A2C0D8F-A3EA-465A-A6F5-700323189772}.Release_Dev|Any CPU.ActiveCfg = Release|Any CPU
		{0A2C0D8F-A3EA-465A-A6F5-700323189772}.Release_Dev|Any CPU.Build.0 = Release|Any CPU
		{0A2C0D8F-A3EA-465A-A6F5-700323189772}.Release_Pub|Any CPU.ActiveCfg = Release|Any CPU
		{0A2C0D8F-A3EA-465A-A6F5-700323189772}.Release_Pub|Any CPU.Build.0 = Release|Any CPU
		{0A2C0D8F-A3EA-465A-A6F5-700323189772}.Release|Any CPU.ActiveCfg = Release|Any CPU
		{0A2C0D8F-A3EA-465A-A6F5-700323189772}.Release|Any CPU.Build.0 = Release|Any CPU
		{A924BC13-F980-4ECF-9607-68E826B7C8A3}.Debug_Dev|Any CPU.ActiveCfg = Debug|Any CPU
		{A924BC13-F980-4ECF-9607-68E826B7C8A3}.Debug_Dev|Any CPU.Build.0 = Debug|Any CPU
		{A924BC13-F980-4ECF-9607-68E826B7C8A3}.Debug|Any CPU.ActiveCfg = Debug|Any CPU
		{A924BC13-F980-4ECF-9607-68E826B7C8A3}.Debug|Any CPU.Build.0 = Debug|Any CPU
		{A924BC13-F980-4ECF-9607-68E826B7C8A3}.Release_Dev|Any CPU.ActiveCfg = Release|Any CPU
		{A924BC13-F980-4ECF-9607-68E826B7C8A3}.Release_Dev|Any CPU.Build.0 = Release|Any CPU
		{A924BC13-F980-4ECF-9607-68E826B7C8A3}.Release_Pub|Any CPU.ActiveCfg = Release|Any CPU
		{A924BC13-F980-4ECF-9607-68E826B7C8A3}.Release_Pub|Any CPU.Build.0 = Release|Any CPU
		{A924BC13-F980-4ECF-9607-68E826B7C8A3}.Release|Any CPU.ActiveCfg = Release|Any CPU
		{A924BC13-F980-4ECF-9607-68E826B7C8A3}.Release|Any CPU.Build.0 = Release|Any CPU
		{3BD12177-1D82-4CFE-9BDD-DB0A3593762D}.Debug_Dev|Any CPU.ActiveCfg = Debug|Any CPU
		{3BD12177-1D82-4CFE-9BDD-DB0A3593762D}.Debug_Dev|Any CPU.Build.0 = Debug|Any CPU
		{3BD12177-1D82-4CFE-9BDD-DB0A3593762D}.Debug|Any CPU.ActiveCfg = Debug|Any CPU
		{3BD12177-1D82-4CFE-9BDD-DB0A3593762D}.Debug|Any CPU.Build.0 = Debug|Any CPU
		{3BD12177-1D82-4CFE-9BDD-DB0A3593762D}.Release_Dev|Any CPU.ActiveCfg = Release|Any CPU
		{3BD12177-1D82-4CFE-9BDD-DB0A3593762D}.Release_Dev|Any CPU.Build.0 = Release|Any CPU
		{3BD12177-1D82-4CFE-9BDD-DB0A3593762D}.Release_Pub|Any CPU.ActiveCfg = Release|Any CPU
		{3BD12177-1D82-4CFE-9BDD-DB0A3593762D}.Release_Pub|Any CPU.Build.0 = Release|Any CPU
		{3BD12177-1D82-4CFE-9BDD-DB0A3593762D}.Release|Any CPU.ActiveCfg = Release|Any CPU
		{3BD12177-1D82-4CFE-9BDD-DB0A3593762D}.Release|Any CPU.Build.0 = Release|Any CPU
		{41F46BD3-D0F2-495A-84E0-DB53FEFA4DF8}.Debug_Dev|Any CPU.ActiveCfg = Debug|Any CPU
		{41F46BD3-D0F2-495A-84E0-DB53FEFA4DF8}.Debug_Dev|Any CPU.Build.0 = Debug|Any CPU
		{41F46BD3-D0F2-495A-84E0-DB53FEFA4DF8}.Debug|Any CPU.ActiveCfg = Debug|Any CPU
		{41F46BD3-D0F2-495A-84E0-DB53FEFA4DF8}.Debug|Any CPU.Build.0 = Debug|Any CPU
		{41F46BD3-D0F2-495A-84E0-DB53FEFA4DF8}.Release_Dev|Any CPU.ActiveCfg = Release|Any CPU
		{41F46BD3-D0F2-495A-84E0-DB53FEFA4DF8}.Release_Dev|Any CPU.Build.0 = Release|Any CPU
		{41F46BD3-D0F2-495A-84E0-DB53FEFA4DF8}.Release_Pub|Any CPU.ActiveCfg = Release|Any CPU
		{41F46BD3-D0F2-495A-84E0-DB53FEFA4DF8}.Release_Pub|Any CPU.Build.0 = Release|Any CPU
		{41F46BD3-D0F2-495A-84E0-DB53FEFA4DF8}.Release|Any CPU.ActiveCfg = Release|Any CPU
		{41F46BD3-D0F2-495A-84E0-DB53FEFA4DF8}.Release|Any CPU.Build.0 = Release|Any CPU
		{E9EC147B-3F10-45A0-9D81-7F9CE6E9AC00}.Debug_Dev|Any CPU.ActiveCfg = Debug|Any CPU
		{E9EC147B-3F10-45A0-9D81-7F9CE6E9AC00}.Debug_Dev|Any CPU.Build.0 = Debug|Any CPU
		{E9EC147B-3F10-45A0-9D81-7F9CE6E9AC00}.Debug|Any CPU.ActiveCfg = Debug|Any CPU
		{E9EC147B-3F10-45A0-9D81-7F9CE6E9AC00}.Debug|Any CPU.Build.0 = Debug|Any CPU
		{E9EC147B-3F10-45A0-9D81-7F9CE6E9AC00}.Release_Dev|Any CPU.ActiveCfg = Release|Any CPU
		{E9EC147B-3F10-45A0-9D81-7F9CE6E9AC00}.Release_Dev|Any CPU.Build.0 = Release|Any CPU
		{E9EC147B-3F10-45A0-9D81-7F9CE6E9AC00}.Release_Pub|Any CPU.ActiveCfg = Release|Any CPU
		{E9EC147B-3F10-45A0-9D81-7F9CE6E9AC00}.Release_Pub|Any CPU.Build.0 = Release|Any CPU
		{E9EC147B-3F10-45A0-9D81-7F9CE6E9AC00}.Release|Any CPU.ActiveCfg = Release|Any CPU
		{E9EC147B-3F10-45A0-9D81-7F9CE6E9AC00}.Release|Any CPU.Build.0 = Release|Any CPU
		{D5977CD9-49A8-406D-AE19-D1769099F10A}.Debug_Dev|Any CPU.ActiveCfg = Debug|Any CPU
		{D5977CD9-49A8-406D-AE19-D1769099F10A}.Debug_Dev|Any CPU.Build.0 = Debug|Any CPU
		{D5977CD9-49A8-406D-AE19-D1769099F10A}.Debug|Any CPU.ActiveCfg = Debug|Any CPU
		{D5977CD9-49A8-406D-AE19-D1769099F10A}.Debug|Any CPU.Build.0 = Debug|Any CPU
		{D5977CD9-49A8-406D-AE19-D1769099F10A}.Release_Dev|Any CPU.ActiveCfg = Release|Any CPU
		{D5977CD9-49A8-406D-AE19-D1769099F10A}.Release_Dev|Any CPU.Build.0 = Release|Any CPU
		{D5977CD9-49A8-406D-AE19-D1769099F10A}.Release_Pub|Any CPU.ActiveCfg = Release|Any CPU
		{D5977CD9-49A8-406D-AE19-D1769099F10A}.Release_Pub|Any CPU.Build.0 = Release|Any CPU
		{D5977CD9-49A8-406D-AE19-D1769099F10A}.Release|Any CPU.ActiveCfg = Release|Any CPU
		{D5977CD9-49A8-406D-AE19-D1769099F10A}.Release|Any CPU.Build.0 = Release|Any CPU
		{0148DBBD-BB5B-44DB-9657-3D8016E48AC9}.Debug_Dev|Any CPU.ActiveCfg = Debug|Any CPU
		{0148DBBD-BB5B-44DB-9657-3D8016E48AC9}.Debug_Dev|Any CPU.Build.0 = Debug|Any CPU
		{0148DBBD-BB5B-44DB-9657-3D8016E48AC9}.Debug|Any CPU.ActiveCfg = Debug|Any CPU
		{0148DBBD-BB5B-44DB-9657-3D8016E48AC9}.Debug|Any CPU.Build.0 = Debug|Any CPU
		{0148DBBD-BB5B-44DB-9657-3D8016E48AC9}.Release_Dev|Any CPU.ActiveCfg = Release|Any CPU
		{0148DBBD-BB5B-44DB-9657-3D8016E48AC9}.Release_Dev|Any CPU.Build.0 = Release|Any CPU
		{0148DBBD-BB5B-44DB-9657-3D8016E48AC9}.Release_Pub|Any CPU.ActiveCfg = Release|Any CPU
		{0148DBBD-BB5B-44DB-9657-3D8016E48AC9}.Release_Pub|Any CPU.Build.0 = Release|Any CPU
		{0148DBBD-BB5B-44DB-9657-3D8016E48AC9}.Release|Any CPU.ActiveCfg = Release|Any CPU
		{0148DBBD-BB5B-44DB-9657-3D8016E48AC9}.Release|Any CPU.Build.0 = Release|Any CPU
		{E7E5C4C5-4106-41ED-A59F-379D5B7C9B89}.Debug_Dev|Any CPU.ActiveCfg = Debug|Any CPU
		{E7E5C4C5-4106-41ED-A59F-379D5B7C9B89}.Debug_Dev|Any CPU.Build.0 = Debug|Any CPU
		{E7E5C4C5-4106-41ED-A59F-379D5B7C9B89}.Debug|Any CPU.ActiveCfg = Debug|Any CPU
		{E7E5C4C5-4106-41ED-A59F-379D5B7C9B89}.Debug|Any CPU.Build.0 = Debug|Any CPU
		{E7E5C4C5-4106-41ED-A59F-379D5B7C9B89}.Release_Dev|Any CPU.ActiveCfg = Release|Any CPU
		{E7E5C4C5-4106-41ED-A59F-379D5B7C9B89}.Release_Dev|Any CPU.Build.0 = Release|Any CPU
		{E7E5C4C5-4106-41ED-A59F-379D5B7C9B89}.Release_Pub|Any CPU.ActiveCfg = Release|Any CPU
		{E7E5C4C5-4106-41ED-A59F-379D5B7C9B89}.Release_Pub|Any CPU.Build.0 = Release|Any CPU
		{E7E5C4C5-4106-41ED-A59F-379D5B7C9B89}.Release|Any CPU.ActiveCfg = Release|Any CPU
		{E7E5C4C5-4106-41ED-A59F-379D5B7C9B89}.Release|Any CPU.Build.0 = Release|Any CPU
		{371E4734-5175-4EBA-A226-273B1BBDDE48}.Debug_Dev|Any CPU.ActiveCfg = Debug|Any CPU
		{371E4734-5175-4EBA-A226-273B1BBDDE48}.Debug_Dev|Any CPU.Build.0 = Debug|Any CPU
		{371E4734-5175-4EBA-A226-273B1BBDDE48}.Debug|Any CPU.ActiveCfg = Debug|Any CPU
		{371E4734-5175-4EBA-A226-273B1BBDDE48}.Debug|Any CPU.Build.0 = Debug|Any CPU
		{371E4734-5175-4EBA-A226-273B1BBDDE48}.Release_Dev|Any CPU.ActiveCfg = Release|Any CPU
		{371E4734-5175-4EBA-A226-273B1BBDDE48}.Release_Dev|Any CPU.Build.0 = Release|Any CPU
		{371E4734-5175-4EBA-A226-273B1BBDDE48}.Release_Pub|Any CPU.ActiveCfg = Release|Any CPU
		{371E4734-5175-4EBA-A226-273B1BBDDE48}.Release_Pub|Any CPU.Build.0 = Release|Any CPU
		{371E4734-5175-4EBA-A226-273B1BBDDE48}.Release|Any CPU.ActiveCfg = Release|Any CPU
		{371E4734-5175-4EBA-A226-273B1BBDDE48}.Release|Any CPU.Build.0 = Release|Any CPU
		{F285F55A-C8FA-488A-A74B-F9A78CF467D5}.Debug_Dev|Any CPU.ActiveCfg = Debug|Any CPU
		{F285F55A-C8FA-488A-A74B-F9A78CF467D5}.Debug_Dev|Any CPU.Build.0 = Debug|Any CPU
		{F285F55A-C8FA-488A-A74B-F9A78CF467D5}.Debug|Any CPU.ActiveCfg = Debug|Any CPU
		{F285F55A-C8FA-488A-A74B-F9A78CF467D5}.Debug|Any CPU.Build.0 = Debug|Any CPU
		{F285F55A-C8FA-488A-A74B-F9A78CF467D5}.Release_Dev|Any CPU.ActiveCfg = Release|Any CPU
		{F285F55A-C8FA-488A-A74B-F9A78CF467D5}.Release_Dev|Any CPU.Build.0 = Release|Any CPU
		{F285F55A-C8FA-488A-A74B-F9A78CF467D5}.Release_Pub|Any CPU.ActiveCfg = Release|Any CPU
		{F285F55A-C8FA-488A-A74B-F9A78CF467D5}.Release_Pub|Any CPU.Build.0 = Release|Any CPU
		{F285F55A-C8FA-488A-A74B-F9A78CF467D5}.Release|Any CPU.ActiveCfg = Release|Any CPU
		{F285F55A-C8FA-488A-A74B-F9A78CF467D5}.Release|Any CPU.Build.0 = Release|Any CPU
	EndGlobalSection
	GlobalSection(SolutionProperties) = preSolution
		HideSolutionNode = FALSE
	EndGlobalSection
	GlobalSection(ExtensibilityGlobals) = postSolution
		SolutionGuid = {1F0790B9-EE23-4FE0-9DFA-8C07CD27FA42}
	EndGlobalSection
EndGlobal
